{
  "name": "trvia-api",
  "version": "1.0.0",
  "lockfileVersion": 1,
  "requires": true,
  "dependencies": {
    "automate-release-webpack-plugin": {
      "version": "0.0.2",
      "resolved": "https://registry.npmjs.org/automate-release-webpack-plugin/-/automate-release-webpack-plugin-0.0.2.tgz",
      "integrity": "sha512-W7KTg+/rWb3ufrQ8MxQKY6dJiL/IVQlFgtfGmwX7f9NnupN2mRitvbboByMzxv2mV6vQgVBT0qv0u4aNEmbbNg==",
      "dev": true
    }
  }
}
